<?xml version="1.0" encoding="utf-8"?>
<Project ToolsVersion="4.0" xmlns="http://schemas.microsoft.com/developer/msbuild/2003">
  <ItemGroup>
    <Filter Include="Source Files">
      <UniqueIdentifier>{4FC737F1-C7A5-4376-A066-2A32D752A2FF}</UniqueIdentifier>
      <Extensions>cpp;c;cc;cxx;def;odl;idl;hpj;bat;asm;asmx</Extensions>
    </Filter>
    <Filter Include="Header Files">
      <UniqueIdentifier>{93995380-89BD-4b04-88EB-625FBE52EBFB}</UniqueIdentifier>
      <Extensions>h;hh;hpp;hxx;hm;inl;inc;xsd</Extensions>
    </Filter>
    <Filter Include="Resource Files">
      <UniqueIdentifier>{67DA6AB6-F800-4c08-8B7A-83BB121AAD01}</UniqueIdentifier>
      <Extensions>rc;ico;cur;bmp;dlg;rc2;rct;bin;rgs;gif;jpg;jpeg;jpe;resx;tiff;tif;png;wav;mfcribbon-ms</Extensions>
    </Filter>
  </ItemGroup>
  <ItemGroup>
    <ClCompile Include="code\main\main.cpp">
      <Filter>Source Files</Filter>
    </ClCompile>
    <ClCompile Include="code\io\parse.cpp">
      <Filter>Source Files</Filter>
    </ClCompile>
    <ClCompile Include="code\io\read.cpp">
      <Filter>Source Files</Filter>
    </ClCompile>
    <ClCompile Include="code\gui\source\app.cpp">
      <Filter>Source Files</Filter>
    </ClCompile>
    <ClCompile Include="code\gui\source\mainwindow.cpp">
      <Filter>Source Files</Filter>
    </ClCompile>
    <ClCompile Include="code\gui\source\appproxy.cpp">
      <Filter>Source Files</Filter>
    </ClCompile>
  </ItemGroup>
  <ItemGroup>
    <ClInclude Include="code\sim\header\bus.h">
      <Filter>Header Files</Filter>
    </ClInclude>
    <ClInclude Include="code\sim\header\controlbus.h">
      <Filter>Header Files</Filter>
    </ClInclude>
    <ClInclude Include="code\sim\header\addressbus.h">
      <Filter>Header Files</Filter>
    </ClInclude>
    <ClInclude Include="code\sim\header\databus.h">
      <Filter>Header Files</Filter>
    </ClInclude>
    <ClInclude Include="code\sim\header\component.h">
      <Filter>Header Files</Filter>
    </ClInclude>
    <ClInclude Include="code\sim\header\registerfile.h">
      <Filter>Header Files</Filter>
    </ClInclude>
    <ClInclude Include="code\sim\header\register.h">
      <Filter>Header Files</Filter>
    </ClInclude>
    <ClInclude Include="code\sim\header\decoder.h">
      <Filter>Header Files</Filter>
    </ClInclude>
    <ClInclude Include="code\sim\header\ram.h">
      <Filter>Header Files</Filter>
    </ClInclude>
    <ClInclude Include="code\sim\header\alu.h">
      <Filter>Header Files</Filter>
    </ClInclude>
    <ClInclude Include="code\sim\header\computer.h">
      <Filter>Header Files</Filter>
    </ClInclude>
    <ClInclude Include="code\sim\header\instruction.h">
      <Filter>Header Files</Filter>
    </ClInclude>
    <ClInclude Include="code\io\io.h">
      <Filter>Header Files</Filter>
    </ClInclude>
    <ClInclude Include="code\gui\header\app.h">
      <Filter>Header Files</Filter>
    </ClInclude>
    <ClInclude Include="code\gui\header\mainwindow.h">
      <Filter>Header Files</Filter>
    </ClInclude>
    <ClInclude Include="code\gui\gui_include.h">
      <Filter>Header Files</Filter>
    </ClInclude>
    <ClInclude Include="code\gui\header\appproxy.h">
      <Filter>Header Files</Filter>
    </ClInclude>
  </ItemGroup>
</Project>